
Microsoft Visual Studio Solution File, Format Version 12.00
# Visual Studio 15
VisualStudioVersion = 15.0.27004.2010
MinimumVisualStudioVersion = 10.0.40219.1
Project("{FAE04EC0-301F-11D3-BF4B-00C04F79EFBC}") = "HashPass.Web", "HashPass.Web\HashPass.Web.csproj", "{2418491D-49DF-4FE8-AE6A-3162F669F146}"
EndProject
Project("{FAE04EC0-301F-11D3-BF4B-00C04F79EFBC}") = "HashPass.Services", "HashPass.Services\HashPass.Services.csproj", "{E20B3234-6153-4A82-8EF2-83C592FAC494}"
EndProject
Project("{FAE04EC0-301F-11D3-BF4B-00C04F79EFBC}") = "HashPass.Models", "HashPass.Models\HashPass.Models.csproj", "{C75455A9-0D8C-408F-A4EA-03E3F20448F4}"
EndProject
Project("{FAE04EC0-301F-11D3-BF4B-00C04F79EFBC}") = "HashPass.Data", "HashPass.Data\HashPass.Data.csproj", "{B1DECA5B-9908-4E33-B4F9-E2330FD068EA}"
EndProject
Project("{FAE04EC0-301F-11D3-BF4B-00C04F79EFBC}") = "HashPass.Contracts", "HashPass.Contracts\HashPass.Contracts.csproj", "{1BCE3273-C05B-4E45-B525-738817DC5C64}"
EndProject
Project("{FAE04EC0-301F-11D3-BF4B-00C04F79EFBC}") = "HashPass.WebApi", "HashPass.WebApi\HashPass.WebApi.csproj", "{440C089A-0FEC-4EC8-908A-E10C39CCF9D0}"
EndProject
Project("{FAE04EC0-301F-11D3-BF4B-00C04F79EFBC}") = "HashPass.Web.TestsTwo", "HashPass.Web.TestsTwo\HashPass.Web.TestsTwo.csproj", "{65E2538F-6404-4626-8DEC-8BC9E9052996}"
EndProject
Global
	GlobalSection(SolutionConfigurationPlatforms) = preSolution
		Debug|Any CPU = Debug|Any CPU
		Release|Any CPU = Release|Any CPU
	EndGlobalSection
	GlobalSection(ProjectConfigurationPlatforms) = postSolution
		{2418491D-49DF-4FE8-AE6A-3162F669F146}.Debug|Any CPU.ActiveCfg = Debug|Any CPU
		{2418491D-49DF-4FE8-AE6A-3162F669F146}.Debug|Any CPU.Build.0 = Debug|Any CPU
		{2418491D-49DF-4FE8-AE6A-3162F669F146}.Release|Any CPU.ActiveCfg = Release|Any CPU
		{2418491D-49DF-4FE8-AE6A-3162F669F146}.Release|Any CPU.Build.0 = Release|Any CPU
		{E20B3234-6153-4A82-8EF2-83C592FAC494}.Debug|Any CPU.ActiveCfg = Debug|Any CPU
		{E20B3234-6153-4A82-8EF2-83C592FAC494}.Debug|Any CPU.Build.0 = Debug|Any CPU
		{E20B3234-6153-4A82-8EF2-83C592FAC494}.Release|Any CPU.ActiveCfg = Release|Any CPU
		{E20B3234-6153-4A82-8EF2-83C592FAC494}.Release|Any CPU.Build.0 = Release|Any CPU
		{C75455A9-0D8C-408F-A4EA-03E3F20448F4}.Debug|Any CPU.ActiveCfg = Debug|Any CPU
		{C75455A9-0D8C-408F-A4EA-03E3F20448F4}.Debug|Any CPU.Build.0 = Debug|Any CPU
		{C75455A9-0D8C-408F-A4EA-03E3F20448F4}.Release|Any CPU.ActiveCfg = Release|Any CPU
		{C75455A9-0D8C-408F-A4EA-03E3F20448F4}.Release|Any CPU.Build.0 = Release|Any CPU
		{B1DECA5B-9908-4E33-B4F9-E2330FD068EA}.Debug|Any CPU.ActiveCfg = Debug|Any CPU
		{B1DECA5B-9908-4E33-B4F9-E2330FD068EA}.Debug|Any CPU.Build.0 = Debug|Any CPU
		{B1DECA5B-9908-4E33-B4F9-E2330FD068EA}.Release|Any CPU.ActiveCfg = Release|Any CPU
		{B1DECA5B-9908-4E33-B4F9-E2330FD068EA}.Release|Any CPU.Build.0 = Release|Any CPU
		{1BCE3273-C05B-4E45-B525-738817DC5C64}.Debug|Any CPU.ActiveCfg = Debug|Any CPU
		{1BCE3273-C05B-4E45-B525-738817DC5C64}.Debug|Any CPU.Build.0 = Debug|Any CPU
		{1BCE3273-C05B-4E45-B525-738817DC5C64}.Release|Any CPU.ActiveCfg = Release|Any CPU
		{1BCE3273-C05B-4E45-B525-738817DC5C64}.Release|Any CPU.Build.0 = Release|Any CPU
		{440C089A-0FEC-4EC8-908A-E10C39CCF9D0}.Debug|Any CPU.ActiveCfg = Debug|Any CPU
		{440C089A-0FEC-4EC8-908A-E10C39CCF9D0}.Debug|Any CPU.Build.0 = Debug|Any CPU
		{440C089A-0FEC-4EC8-908A-E10C39CCF9D0}.Release|Any CPU.ActiveCfg = Release|Any CPU
		{440C089A-0FEC-4EC8-908A-E10C39CCF9D0}.Release|Any CPU.Build.0 = Release|Any CPU
		{65E2538F-6404-4626-8DEC-8BC9E9052996}.Debug|Any CPU.ActiveCfg = Debug|Any CPU
		{65E2538F-6404-4626-8DEC-8BC9E9052996}.Debug|Any CPU.Build.0 = Debug|Any CPU
		{65E2538F-6404-4626-8DEC-8BC9E9052996}.Release|Any CPU.ActiveCfg = Release|Any CPU
		{65E2538F-6404-4626-8DEC-8BC9E9052996}.Release|Any CPU.Build.0 = Release|Any CPU
	EndGlobalSection
	GlobalSection(SolutionProperties) = preSolution
		HideSolutionNode = FALSE
	EndGlobalSection
	GlobalSection(ExtensibilityGlobals) = postSolution
		SolutionGuid = {55D1B635-45ED-4B37-94EA-7273BB7A722B}
	EndGlobalSection
EndGlobal
